
Microsoft Visual Studio Solution File, Format Version 11.00
# Visual Studio 2010
Project("{4925A630-B079-445d-BCD4-3A9C94FE9307}") = "FunJS", "FunJS\FunJS.fsproj", "e0916e67-d3b0-4c3a-ad18-4146882fcedd"
EndProject
Project("{4925A630-B079-445d-BCD4-3A9C94FE9307}") = "FunJS.Tests", "FunJS.Tests\FunJS.Tests.fsproj", "eac15526-7544-4ec5-ae50-32e5cdd05044"
EndProject
Project("{4925A630-B079-445d-BCD4-3A9C94FE9307}") = "FunJS.TypeScript", "FunJS.TypeScript\FunJS.TypeScript.fsproj", "164139cf-07d4-468f-b6a8-9b92504c38e4"
EndProject
Global
	GlobalSection(SolutionConfigurationPlatforms) = preSolution
		Debug|Any CPU = Debug|Any CPU
		Release|Any CPU = Release|Any CPU
	EndGlobalSection
	GlobalSection(ProjectConfigurationPlatforms) = postSolution
		164139cf-07d4-468f-b6a8-9b92504c38e4.Debug|Any CPU.ActiveCfg = Debug|Any CPU
		164139cf-07d4-468f-b6a8-9b92504c38e4.Debug|Any CPU.Build.0 = Debug|Any CPU
		164139cf-07d4-468f-b6a8-9b92504c38e4.Release|Any CPU.ActiveCfg = Release|Any CPU
		164139cf-07d4-468f-b6a8-9b92504c38e4.Release|Any CPU.Build.0 = Release|Any CPU
		e0916e67-d3b0-4c3a-ad18-4146882fcedd.Debug|Any CPU.ActiveCfg = Debug|Any CPU
		e0916e67-d3b0-4c3a-ad18-4146882fcedd.Debug|Any CPU.Build.0 = Debug|Any CPU
		e0916e67-d3b0-4c3a-ad18-4146882fcedd.Release|Any CPU.ActiveCfg = Release|Any CPU
		e0916e67-d3b0-4c3a-ad18-4146882fcedd.Release|Any CPU.Build.0 = Release|Any CPU
		eac15526-7544-4ec5-ae50-32e5cdd05044.Debug|Any CPU.ActiveCfg = Debug|Any CPU
		eac15526-7544-4ec5-ae50-32e5cdd05044.Debug|Any CPU.Build.0 = Debug|Any CPU
		eac15526-7544-4ec5-ae50-32e5cdd05044.Release|Any CPU.ActiveCfg = Release|Any CPU
		eac15526-7544-4ec5-ae50-32e5cdd05044.Release|Any CPU.Build.0 = Release|Any CPU
	EndGlobalSection
	GlobalSection(MonoDevelopProperties) = preSolution
		StartupItem = FunJS\FunJS.fsproj
		Policies = $0
		$0.TextStylePolicy = $1
		$1.inheritsSet = null
		$1.scope = text/x-fsharp
		$0.TextStylePolicy = $2
		$2.FileWidth = 120
		$2.TabWidth = 3
		$2.IndentWidth = 3
		$2.inheritsSet = VisualStudio
		$2.inheritsScope = text/plain
		$2.scope = text/plain
	EndGlobalSection
	GlobalSection(SolutionProperties) = preSolution
		HideSolutionNode = FALSE
	EndGlobalSection
EndGlobal
